
Microsoft Visual Studio Solution File, Format Version 12.00
# Visual Studio Version 17
VisualStudioVersion = 17.11.35303.130
MinimumVisualStudioVersion = 10.0.40219.1
Project("{FAE04EC0-301F-11D3-BF4B-00C04F79EFBC}") = "GregoryFamilyStudio", "GregoryFamilyStudio\GregoryFamilyStudio.csproj", "{3204F329-57E2-4F84-8763-E66DB4F2EDD9}"
EndProject
Global
	GlobalSection(SolutionConfigurationPlatforms) = preSolution
		Debug|x64 = Debug|x64
		Debug|x86 = Debug|x86
		Release|x64 = Release|x64
		Release|x86 = Release|x86
	EndGlobalSection
	GlobalSection(ProjectConfigurationPlatforms) = postSolution
		{3204F329-57E2-4F84-8763-E66DB4F2EDD9}.Debug|x64.ActiveCfg = Debug|x64
		{3204F329-57E2-4F84-8763-E66DB4F2EDD9}.Debug|x64.Build.0 = Debug|x64
		{3204F329-57E2-4F84-8763-E66DB4F2EDD9}.Debug|x86.ActiveCfg = Debug|x86
		{3204F329-57E2-4F84-8763-E66DB4F2EDD9}.Debug|x86.Build.0 = Debug|x86
		{3204F329-57E2-4F84-8763-E66DB4F2EDD9}.Release|x64.ActiveCfg = Release|x64
		{3204F329-57E2-4F84-8763-E66DB4F2EDD9}.Release|x64.Build.0 = Release|x64
		{3204F329-57E2-4F84-8763-E66DB4F2EDD9}.Release|x86.ActiveCfg = Release|x86
		{3204F329-57E2-4F84-8763-E66DB4F2EDD9}.Release|x86.Build.0 = Release|x86
	EndGlobalSection
	GlobalSection(SolutionProperties) = preSolution
		HideSolutionNode = FALSE
	EndGlobalSection
	GlobalSection(ExtensibilityGlobals) = postSolution
		SolutionGuid = {227F0EBE-D828-41A5-BE00-0941F8C3DB25}
	EndGlobalSection
EndGlobal
